// !$*UTF8*$!
{
	archiveVersion = 1;
	classes = {
	};
	objectVersion = 46;
	objects = {

/* Begin PBXBuildFile section */
		3651D9461B95558800FFF484 /* AppDelegate.swift in Sources */ = {isa = PBXBuildFile; fileRef = 3651D9451B95558800FFF484 /* AppDelegate.swift */; };
		3651D9481B95558800FFF484 /* ViewController.swift in Sources */ = {isa = PBXBuildFile; fileRef = 3651D9471B95558800FFF484 /* ViewController.swift */; };
		3651D94B1B95558800FFF484 /* Main.storyboard in Resources */ = {isa = PBXBuildFile; fileRef = 3651D9491B95558800FFF484 /* Main.storyboard */; };
		3651D94D1B95558800FFF484 /* Images.xcassets in Resources */ = {isa = PBXBuildFile; fileRef = 3651D94C1B95558800FFF484 /* Images.xcassets */; };
		3651D9501B95558800FFF484 /* LaunchScreen.xib in Resources */ = {isa = PBXBuildFile; fileRef = 3651D94E1B95558800FFF484 /* LaunchScreen.xib */; };
		3651D95C1B95558800FFF484 /* CircleCI_TestTests.swift in Sources */ = {isa = PBXBuildFile; fileRef = 3651D95B1B95558800FFF484 /* CircleCI_TestTests.swift */; };
		3651D9681B9557DB00FFF484 /* PAssert.swift in Sources */ = {isa = PBXBuildFile; fileRef = 3651D9671B9557DB00FFF484 /* PAssert.swift */; };
		3651D9691B9558BE00FFF484 /* ViewController.swift in Sources */ = {isa = PBXBuildFile; fileRef = 3651D9471B95558800FFF484 /* ViewController.swift */; };
/* End PBXBuildFile section */

/* Begin PBXContainerItemProxy section */
		3651D9561B95558800FFF484 /* PBXContainerItemProxy */ = {
			isa = PBXContainerItemProxy;
			containerPortal = 3651D9381B95558800FFF484 /* Project object */;
			proxyType = 1;
			remoteGlobalIDString = 3651D93F1B95558800FFF484;
			remoteInfo = "CircleCI-Test";
		};
/* End PBXContainerItemProxy section */

/* Begin PBXFileReference section */
		3651D9401B95558800FFF484 /* CircleCI-Test.app */ = {isa = PBXFileReference; explicitFileType = wrapper.application; includeInIndex = 0; path = "CircleCI-Test.app"; sourceTree = BUILT_PRODUCTS_DIR; };
		3651D9441B95558800FFF484 /* Info.plist */ = {isa = PBXFileReference; lastKnownFileType = text.plist.xml; path = Info.plist; sourceTree = "<group>"; };
		3651D9451B95558800FFF484 /* AppDelegate.swift */ = {isa = PBXFileReference; lastKnownFileType = sourcecode.swift; path = AppDelegate.swift; sourceTree = "<group>"; };
		3651D9471B95558800FFF484 /* ViewController.swift */ = {isa = PBXFileReference; lastKnownFileType = sourcecode.swift; path = ViewController.swift; sourceTree = "<group>"; };
		3651D94A1B95558800FFF484 /* Base */ = {isa = PBXFileReference; lastKnownFileType = file.storyboard; name = Base; path = Base.lproj/Main.storyboard; sourceTree = "<group>"; };
		3651D94C1B95558800FFF484 /* Images.xcassets */ = {isa = PBXFileReference; lastKnownFileType = folder.assetcatalog; path = Images.xcassets; sourceTree = "<group>"; };
		3651D94F1B95558800FFF484 /* Base */ = {isa = PBXFileReference; lastKnownFileType = file.xib; name = Base; path = Base.lproj/LaunchScreen.xib; sourceTree = "<group>"; };
		3651D9551B95558800FFF484 /* CircleCI-TestTests.xctest */ = {isa = PBXFileReference; explicitFileType = wrapper.cfbundle; includeInIndex = 0; path = "CircleCI-TestTests.xctest"; sourceTree = BUILT_PRODUCTS_DIR; };
		3651D95A1B95558800FFF484 /* Info.plist */ = {isa = PBXFileReference; lastKnownFileType = text.plist.xml; path = Info.plist; sourceTree = "<group>"; };
		3651D95B1B95558800FFF484 /* CircleCI_TestTests.swift */ = {isa = PBXFileReference; lastKnownFileType = sourcecode.swift; path = CircleCI_TestTests.swift; sourceTree = "<group>"; };
		3651D9671B9557DB00FFF484 /* PAssert.swift */ = {isa = PBXFileReference; fileEncoding = 4; lastKnownFileType = sourcecode.swift; path = PAssert.swift; sourceTree = "<group>"; };
/* End PBXFileReference section */

/* Begin PBXFrameworksBuildPhase section */
		3651D93D1B95558800FFF484 /* Frameworks */ = {
			isa = PBXFrameworksBuildPhase;
			buildActionMask = 2147483647;
			files = (
			);
			runOnlyForDeploymentPostprocessing = 0;
		};
		3651D9521B95558800FFF484 /* Frameworks */ = {
			isa = PBXFrameworksBuildPhase;
			buildActionMask = 2147483647;
			files = (
			);
			runOnlyForDeploymentPostprocessing = 0;
		};
/* End PBXFrameworksBuildPhase section */

/* Begin PBXGroup section */
		3651D9371B95558800FFF484 = {
			isa = PBXGroup;
			children = (
				3651D9421B95558800FFF484 /* CircleCI-Test */,
				3651D9581B95558800FFF484 /* CircleCI-TestTests */,
				3651D9411B95558800FFF484 /* Products */,
			);
			sourceTree = "<group>";
		};
		3651D9411B95558800FFF484 /* Products */ = {
			isa = PBXGroup;
			children = (
				3651D9401B95558800FFF484 /* CircleCI-Test.app */,
				3651D9551B95558800FFF484 /* CircleCI-TestTests.xctest */,
			);
			name = Products;
			sourceTree = "<group>";
		};
		3651D9421B95558800FFF484 /* CircleCI-Test */ = {
			isa = PBXGroup;
			children = (
				3651D9451B95558800FFF484 /* AppDelegate.swift */,
				3651D9471B95558800FFF484 /* ViewController.swift */,
				3651D9491B95558800FFF484 /* Main.storyboard */,
				3651D94C1B95558800FFF484 /* Images.xcassets */,
				3651D94E1B95558800FFF484 /* LaunchScreen.xib */,
				3651D9431B95558800FFF484 /* Supporting Files */,
			);
			path = "CircleCI-Test";
			sourceTree = "<group>";
		};
		3651D9431B95558800FFF484 /* Supporting Files */ = {
			isa = PBXGroup;
			children = (
				3651D9441B95558800FFF484 /* Info.plist */,
			);
			name = "Supporting Files";
			sourceTree = "<group>";
		};
		3651D9581B95558800FFF484 /* CircleCI-TestTests */ = {
			isa = PBXGroup;
			children = (
				3651D95B1B95558800FFF484 /* CircleCI_TestTests.swift */,
				3651D9591B95558800FFF484 /* Supporting Files */,
				3651D9671B9557DB00FFF484 /* PAssert.swift */,
			);
			path = "CircleCI-TestTests";
			sourceTree = "<group>";
		};
		3651D9591B95558800FFF484 /* Supporting Files */ = {
			isa = PBXGroup;
			children = (
				3651D95A1B95558800FFF484 /* Info.plist */,
			);
			name = "Supporting Files";
			sourceTree = "<group>";
		};
/* End PBXGroup section */

/* Begin PBXNativeTarget section */
		3651D93F1B95558800FFF484 /* CircleCI-Test */ = {
			isa = PBXNativeTarget;
			buildConfigurationList = 3651D95F1B95558800FFF484 /* Build configuration list for PBXNativeTarget "CircleCI-Test" */;
			buildPhases = (
				3651D93C1B95558800FFF484 /* Sources */,
				3651D93D1B95558800FFF484 /* Frameworks */,
				3651D93E1B95558800FFF484 /* Resources */,
			);
			buildRules = (
			);
			dependencies = (
			);
			name = "CircleCI-Test";
			productName = "CircleCI-Test";
			productReference = 3651D9401B95558800FFF484 /* CircleCI-Test.app */;
			productType = "com.apple.product-type.application";
		};
		3651D9541B95558800FFF484 /* CircleCI-TestTests */ = {
			isa = PBXNativeTarget;
			buildConfigurationList = 3651D9621B95558800FFF484 /* Build configuration list for PBXNativeTarget "CircleCI-TestTests" */;
			buildPhases = (
				3651D9511B95558800FFF484 /* Sources */,
				3651D9521B95558800FFF484 /* Frameworks */,
				3651D9531B95558800FFF484 /* Resources */,
			);
			buildRules = (
			);
			dependencies = (
				3651D9571B95558800FFF484 /* PBXTargetDependency */,
			);
			name = "CircleCI-TestTests";
			productName = "CircleCI-TestTests";
			productReference = 3651D9551B95558800FFF484 /* CircleCI-TestTests.xctest */;
			productType = "com.apple.product-type.bundle.unit-test";
		};
/* End PBXNativeTarget section */

/* Begin PBXProject section */
		3651D9381B95558800FFF484 /* Project object */ = {
			isa = PBXProject;
			attributes = {
				LastSwiftUpdateCheck = 0700;
				LastUpgradeCheck = 0640;
				ORGANIZATIONNAME = keygx;
				TargetAttributes = {
					3651D93F1B95558800FFF484 = {
						CreatedOnToolsVersion = 6.4;
					};
					3651D9541B95558800FFF484 = {
						CreatedOnToolsVersion = 6.4;
						TestTargetID = 3651D93F1B95558800FFF484;
					};
				};
			};
			buildConfigurationList = 3651D93B1B95558800FFF484 /* Build configuration list for PBXProject "CircleCI-Test" */;
			compatibilityVersion = "Xcode 3.2";
			developmentRegion = English;
			hasScannedForEncodings = 0;
			knownRegions = (
				en,
				Base,
			);
			mainGroup = 3651D9371B95558800FFF484;
			productRefGroup = 3651D9411B95558800FFF484 /* Products */;
			projectDirPath = "";
			projectRoot = "";
			targets = (
				3651D93F1B95558800FFF484 /* CircleCI-Test */,
				3651D9541B95558800FFF484 /* CircleCI-TestTests */,
			);
		};
/* End PBXProject section */

/* Begin PBXResourcesBuildPhase section */
		3651D93E1B95558800FFF484 /* Resources */ = {
			isa = PBXResourcesBuildPhase;
			buildActionMask = 2147483647;
			files = (
				3651D94B1B95558800FFF484 /* Main.storyboard in Resources */,
				3651D9501B95558800FFF484 /* LaunchScreen.xib in Resources */,
				3651D94D1B95558800FFF484 /* Images.xcassets in Resources */,
			);
			runOnlyForDeploymentPostprocessing = 0;
		};
		3651D9531B95558800FFF484 /* Resources */ = {
			isa = PBXResourcesBuildPhase;
			buildActionMask = 2147483647;
			files = (
			);
			runOnlyForDeploymentPostprocessing = 0;
		};
/* End PBXResourcesBuildPhase section */

/* Begin PBXSourcesBuildPhase section */
		3651D93C1B95558800FFF484 /* Sources */ = {
			isa = PBXSourcesBuildPhase;
			buildActionMask = 2147483647;
			files = (
				3651D9481B95558800FFF484 /* ViewController.swift in Sources */,
				3651D9461B95558800FFF484 /* AppDelegate.swift in Sources */,
			);
			runOnlyForDeploymentPostprocessing = 0;
		};
		3651D9511B95558800FFF484 /* Sources */ = {
			isa = PBXSourcesBuildPhase;
			buildActionMask = 2147483647;
			files = (
				3651D9691B9558BE00FFF484 /* ViewController.swift in Sources */,
				3651D9681B9557DB00FFF484 /* PAssert.swift in Sources */,
				3651D95C1B95558800FFF484 /* CircleCI_TestTests.swift in Sources */,
			);
			runOnlyForDeploymentPostprocessing = 0;
		};
/* End PBXSourcesBuildPhase section */

/* Begin PBXTargetDependency section */
		3651D9571B95558800FFF484 /* PBXTargetDependency */ = {
			isa = PBXTargetDependency;
			target = 3651D93F1B95558800FFF484 /* CircleCI-Test */;
			targetProxy = 3651D9561B95558800FFF484 /* PBXContainerItemProxy */;
		};
/* End PBXTargetDependency section */

/* Begin PBXVariantGroup section */
		3651D9491B95558800FFF484 /* Main.storyboard */ = {
			isa = PBXVariantGroup;
			children = (
				3651D94A1B95558800FFF484 /* Base */,
			);
			name = Main.storyboard;
			sourceTree = "<group>";
		};
		3651D94E1B95558800FFF484 /* LaunchScreen.xib */ = {
			isa = PBXVariantGroup;
			children = (
				3651D94F1B95558800FFF484 /* Base */,
			);
			name = LaunchScreen.xib;
			sourceTree = "<group>";
		};
/* End PBXVariantGroup section */

/* Begin XCBuildConfiguration section */
		3651D95D1B95558800FFF484 /* Debug */ = {
			isa = XCBuildConfiguration;
			buildSettings = {
				ALWAYS_SEARCH_USER_PATHS = NO;
				CLANG_CXX_LANGUAGE_STANDARD = "gnu++0x";
				CLANG_CXX_LIBRARY = "libc++";
				CLANG_ENABLE_MODULES = YES;
				CLANG_ENABLE_OBJC_ARC = YES;
				CLANG_WARN_BOOL_CONVERSION = YES;
				CLANG_WARN_CONSTANT_CONVERSION = YES;
				CLANG_WARN_DIRECT_OBJC_ISA_USAGE = YES_ERROR;
				CLANG_WARN_EMPTY_BODY = YES;
				CLANG_WARN_ENUM_CONVERSION = YES;
				CLANG_WARN_INT_CONVERSION = YES;
				CLANG_WARN_OBJC_ROOT_CLASS = YES_ERROR;
				CLANG_WARN_UNREACHABLE_CODE = YES;
				CLANG_WARN__DUPLICATE_METHOD_MATCH = YES;
				"CODE_SIGN_IDENTITY[sdk=iphoneos*]" = "iPhone Developer";
				COPY_PHASE_STRIP = NO;
				DEBUG_INFORMATION_FORMAT = "dwarf-with-dsym";
				ENABLE_STRICT_OBJC_MSGSEND = YES;
				GCC_C_LANGUAGE_STANDARD = gnu99;
				GCC_DYNAMIC_NO_PIC = NO;
				GCC_NO_COMMON_BLOCKS = YES;
				GCC_OPTIMIZATION_LEVEL = 0;
				GCC_PREPROCESSOR_DEFINITIONS = (
					"DEBUG=1",
					"$(inherited)",
				);
				GCC_SYMBOLS_PRIVATE_EXTERN = NO;
				GCC_WARN_64_TO_32_BIT_CONVERSION = YES;
				GCC_WARN_ABOUT_RETURN_TYPE = YES_ERROR;
				GCC_WARN_UNDECLARED_SELECTOR = YES;
				GCC_WARN_UNINITIALIZED_AUTOS = YES_AGGRESSIVE;
				GCC_WARN_UNUSED_FUNCTION = YES;
				GCC_WARN_UNUSED_VARIABLE = YES;
				IPHONEOS_DEPLOYMENT_TARGET = 8.0;
				MTL_ENABLE_DEBUG_INFO = YES;
				ONLY_ACTIVE_ARCH = YES;
				SDKROOT = iphoneos;
				SWIFT_OPTIMIZATION_LEVEL = "-Onone";
				TARGETED_DEVICE_FAMILY = "1,2";
			};
			name = Debug;
		};
		3651D95E1B95558800FFF484 /* Release */ = {
			isa = XCBuildConfiguration;
			buildSettings = {
				ALWAYS_SEARCH_USER_PATHS = NO;
				CLANG_CXX_LANGUAGE_STANDARD = "gnu++0x";
				CLANG_CXX_LIBRARY = "libc++";
				CLANG_ENABLE_MODULES = YES;
				CLANG_ENABLE_OBJC_ARC = YES;
				CLANG_WARN_BOOL_CONVERSION = YES;
				CLANG_WARN_CONSTANT_CONVERSION = YES;
				CLANG_WARN_DIRECT_OBJC_ISA_USAGE = YES_ERROR;
				CLANG_WARN_EMPTY_BODY = YES;
				CLANG_WARN_ENUM_CONVERSION = YES;
				CLANG_WARN_INT_CONVERSION = YES;
				CLANG_WARN_OBJC_ROOT_CLASS = YES_ERROR;
				CLANG_WARN_UNREACHABLE_CODE = YES;
				CLANG_WARN__DUPLICATE_METHOD_MATCH = YES;
				"CODE_SIGN_IDENTITY[sdk=iphoneos*]" = "iPhone Developer";
				COPY_PHASE_STRIP = NO;
				DEBUG_INFORMATION_FORMAT = "dwarf-with-dsym";
				ENABLE_NS_ASSERTIONS = NO;
				ENABLE_STRICT_OBJC_MSGSEND = YES;
				GCC_C_LANGUAGE_STANDARD = gnu99;
				GCC_NO_COMMON_BLOCKS = YES;
				GCC_WARN_64_TO_32_BIT_CONVERSION = YES;
				GCC_WARN_ABOUT_RETURN_TYPE = YES_ERROR;
				GCC_WARN_UNDECLARED_SELECTOR = YES;
				GCC_WARN_UNINITIALIZED_AUTOS = YES_AGGRESSIVE;
				GCC_WARN_UNUSED_FUNCTION = YES;
				GCC_WARN_UNUSED_VARIABLE = YES;
				IPHONEOS_DEPLOYMENT_TARGET = 8.0;
				MTL_ENABLE_DEBUG_INFO = NO;
				SDKROOT = iphoneos;
				TARGETED_DEVICE_FAMILY = "1,2";
				VALIDATE_PRODUCT = YES;
			};
			name = Release;
		};
		3651D9601B95558800FFF484 /* Debug */ = {
			isa = XCBuildConfiguration;
			buildSettings = {
				ASSETCATALOG_COMPILER_APPICON_NAME = AppIcon;
				INFOPLIST_FILE = "CircleCI-Test/Info.plist";
				LD_RUNPATH_SEARCH_PATHS = "$(inherited) @executable_path/Frameworks";
				PRODUCT_NAME = "$(TARGET_NAME)";
			};
			name = Debug;
		};
		3651D9611B95558800FFF484 /* Release */ = {
			isa = XCBuildConfiguration;
			buildSettings = {
				ASSETCATALOG_COMPILER_APPICON_NAME = AppIcon;
				INFOPLIST_FILE = "CircleCI-Test/Info.plist";
				LD_RUNPATH_SEARCH_PATHS = "$(inherited) @executable_path/Frameworks";
				PRODUCT_NAME = "$(TARGET_NAME)";
			};
			name = Release;
		};
		3651D9631B95558800FFF484 /* Debug */ = {
			isa = XCBuildConfiguration;
			buildSettings = {
				BUNDLE_LOADER = "$(TEST_HOST)";
				FRAMEWORK_SEARCH_PATHS = (
					"$(SDKROOT)/Developer/Library/Frameworks",
					"$(inherited)",
				);
				GCC_PREPROCESSOR_DEFINITIONS = (
					"DEBUG=1",
					"$(inherited)",
				);
				INFOPLIST_FILE = "CircleCI-TestTests/Info.plist";
				LD_RUNPATH_SEARCH_PATHS = "$(inherited) @executable_path/Frameworks @loader_path/Frameworks";
				PRODUCT_NAME = "$(TARGET_NAME)";
				TEST_HOST = "$(BUILT_PRODUCTS_DIR)/CircleCI-Test.app/CircleCI-Test";
			};
			name = Debug;
		};
		3651D9641B95558800FFF484 /* Release */ = {
			isa = XCBuildConfiguration;
			buildSettings = {
				BUNDLE_LOADER = "$(TEST_HOST)";
				FRAMEWORK_SEARCH_PATHS = (
					"$(SDKROOT)/Developer/Library/Frameworks",
					"$(inherited)",
				);
				INFOPLIST_FILE = "CircleCI-TestTests/Info.plist";
				LD_RUNPATH_SEARCH_PATHS = "$(inherited) @executable_path/Frameworks @loader_path/Frameworks";
				PRODUCT_NAME = "$(TARGET_NAME)";
				TEST_HOST = "$(BUILT_PRODUCTS_DIR)/CircleCI-Test.app/CircleCI-Test";
			};
			name = Release;
		};
/* End XCBuildConfiguration section */

/* Begin XCConfigurationList section */
		3651D93B1B95558800FFF484 /* Build configuration list for PBXProject "CircleCI-Test" */ = {
			isa = XCConfigurationList;
			buildConfigurations = (
				3651D95D1B95558800FFF484 /* Debug */,
				3651D95E1B95558800FFF484 /* Release */,
			);
			defaultConfigurationIsVisible = 0;
			defaultConfigurationName = Release;
		};
		3651D95F1B95558800FFF484 /* Build configuration list for PBXNativeTarget "CircleCI-Test" */ = {
			isa = XCConfigurationList;
			buildConfigurations = (
				3651D9601B95558800FFF484 /* Debug */,
				3651D9611B95558800FFF484 /* Release */,
			);
			defaultConfigurationIsVisible = 0;
			defaultConfigurationName = Release;
		};
		3651D9621B95558800FFF484 /* Build configuration list for PBXNativeTarget "CircleCI-TestTests" */ = {
			isa = XCConfigurationList;
			buildConfigurations = (
				3651D9631B95558800FFF484 /* Debug */,
				3651D9641B95558800FFF484 /* Release */,
			);
			defaultConfigurationIsVisible = 0;
			defaultConfigurationName = Release;
		};
/* End XCConfigurationList section */
	};
	rootObject = 3651D9381B95558800FFF484 /* Project object */;
}
